
Microsoft Visual Studio Solution File, Format Version 12.00
# Visual Studio 15
Project("{FAE04EC0-301F-11D3-BF4B-00C04F79EFBC}") = "Assembly-CSharp", "Assembly-CSharp.csproj", "{F60C5392-F678-83D5-A8C6-DD5F5B05C628}"
EndProject
Project("{FAE04EC0-301F-11D3-BF4B-00C04F79EFBC}") = "Assembly-CSharp-Editor", "Assembly-CSharp-Editor.csproj", "{2CF41B99-2452-A977-CEC3-FF0551FF5553}"
EndProject
Global
	GlobalSection(SolutionConfigurationPlatforms) = preSolution
		Debug|Any CPU = Debug|Any CPU
		Release|Any CPU = Release|Any CPU
	EndGlobalSection
	GlobalSection(ProjectConfigurationPlatforms) = postSolution
		{F60C5392-F678-83D5-A8C6-DD5F5B05C628}.Debug|Any CPU.ActiveCfg = Debug|Any CPU
		{F60C5392-F678-83D5-A8C6-DD5F5B05C628}.Debug|Any CPU.Build.0 = Debug|Any CPU
		{F60C5392-F678-83D5-A8C6-DD5F5B05C628}.Release|Any CPU.ActiveCfg = Release|Any CPU
		{F60C5392-F678-83D5-A8C6-DD5F5B05C628}.Release|Any CPU.Build.0 = Release|Any CPU
		{2CF41B99-2452-A977-CEC3-FF0551FF5553}.Debug|Any CPU.ActiveCfg = Debug|Any CPU
		{2CF41B99-2452-A977-CEC3-FF0551FF5553}.Debug|Any CPU.Build.0 = Debug|Any CPU
		{2CF41B99-2452-A977-CEC3-FF0551FF5553}.Release|Any CPU.ActiveCfg = Release|Any CPU
		{2CF41B99-2452-A977-CEC3-FF0551FF5553}.Release|Any CPU.Build.0 = Release|Any CPU
	EndGlobalSection
	GlobalSection(SolutionProperties) = preSolution
		HideSolutionNode = FALSE
	EndGlobalSection
EndGlobal
